// !$*UTF8*$!
{
	archiveVersion = 1;
	classes = {
	};
	objectVersion = 77;
	objects = {

/* Begin PBXContainerItemProxy section */
		6BF0F4A42F6D4BEB00B1735D /* PBXContainerItemProxy */ = {
			isa = PBXContainerItemProxy;
			containerPortal = 6BF0F48C2F6D4BEA00B1735D /* Project object */;
			proxyType = 1;
			remoteGlobalIDString = 6BF0F4932F6D4BEA00B1735D;
			remoteInfo = "load-tracker";
		};
		6BF0F4AE2F6D4BEB00B1735D /* PBXContainerItemProxy */ = {
			isa = PBXContainerItemProxy;
			containerPortal = 6BF0F48C2F6D4BEA00B1735D /* Project object */;
			proxyType = 1;
			remoteGlobalIDString = 6BF0F4932F6D4BEA00B1735D;
			remoteInfo = "load-tracker";
		};
/* End PBXContainerItemProxy section */

/* Begin PBXFileReference section */
		6BF0F4942F6D4BEA00B1735D /* load-tracker.app */ = {isa = PBXFileReference; explicitFileType = wrapper.application; includeInIndex = 0; path = "load-tracker.app"; sourceTree = BUILT_PRODUCTS_DIR; };
		6BF0F4A32F6D4BEB00B1735D /* load-trackerTests.xctest */ = {isa = PBXFileReference; explicitFileType = wrapper.cfbundle; includeInIndex = 0; path = "load-trackerTests.xctest"; sourceTree = BUILT_PRODUCTS_DIR; };
		6BF0F4AD2F6D4BEB00B1735D /* load-trackerUITests.xctest */ = {isa = PBXFileReference; explicitFileType = wrapper.cfbundle; includeInIndex = 0; path = "load-trackerUITests.xctest"; sourceTree = BUILT_PRODUCTS_DIR; };
/* End PBXFileReference section */

/* Begin PBXFileSystemSynchronizedBuildFileExceptionSet section */
		6BF0F4EA2F6E2B8C00B1735D /* Exceptions for "load-tracker" folder in "load-tracker" target */ = {
			isa = PBXFileSystemSynchronizedBuildFileExceptionSet;
			membershipExceptions = (
				Info.plist,
			);
			target = 6BF0F4932F6D4BEA00B1735D /* load-tracker */;
		};
/* End PBXFileSystemSynchronizedBuildFileExceptionSet section */

/* Begin PBXFileSystemSynchronizedRootGroup section */
		6BF0F4962F6D4BEA00B1735D /* load-tracker */ = {
			isa = PBXFileSystemSynchronizedRootGroup;
			exceptions = (
				6BF0F4EA2F6E2B8C00B1735D /* Exceptions for "load-tracker" folder in "load-tracker" target */,
			);
			path = "load-tracker";
			sourceTree = "<group>";
		};
		6BF0F4A62F6D4BEB00B1735D /* load-trackerTests */ = {
			isa = PBXFileSystemSynchronizedRootGroup;
			path = "load-trackerTests";
			sourceTree = "<group>";
		};
		6BF0F4B02F6D4BEB00B1735D /* load-trackerUITests */ = {
			isa = PBXFileSystemSynchronizedRootGroup;
			path = "load-trackerUITests";
			sourceTree = "<group>";
		};
/* End PBXFileSystemSynchronizedRootGroup section */

/* Begin PBXFrameworksBuildPhase section */
		6BF0F4912F6D4BEA00B1735D /* Frameworks */ = {
			isa = PBXFrameworksBuildPhase;
			buildActionMask = 2147483647;
			files = (
			);
			runOnlyForDeploymentPostprocessing = 0;
		};
		6BF0F4A02F6D4BEB00B1735D /* Frameworks */ = {
			isa = PBXFrameworksBuildPhase;
			buildActionMask = 2147483647;
			files = (
			);
			runOnlyForDeploymentPostprocessing = 0;
		};
		6BF0F4AA2F6D4BEB00B1735D /* Frameworks */ = {
			isa = PBXFrameworksBuildPhase;
			buildActionMask = 2147483647;
			files = (
			);
			runOnlyForDeploymentPostprocessing = 0;
		};
/* End PBXFrameworksBuildPhase section */

/* Begin PBXGroup section */
		6BF0F48B2F6D4BEA00B1735D = {
			isa = PBXGroup;
			children = (
				6BF0F4962F6D4BEA00B1735D /* load-tracker */,
				6BF0F4A62F6D4BEB00B1735D /* load-trackerTests */,
				6BF0F4B02F6D4BEB00B1735D /* load-trackerUITests */,
				6BF0F4952F6D4BEA00B1735D /* Products */,
			);
			sourceTree = "<group>";
		};
		6BF0F4952F6D4BEA00B1735D /* Products */ = {
			isa = PBXGroup;
			children = (
				6BF0F4942F6D4BEA00B1735D /* load-tracker.app */,
				6BF0F4A32F6D4BEB00B1735D /* load-trackerTests.xctest */,
				6BF0F4AD2F6D4BEB00B1735D /* load-trackerUITests.xctest */,
			);
			name = Products;
			sourceTree = "<group>";
		};
/* End PBXGroup section */

/* Begin PBXNativeTarget section */
		6BF0F4932F6D4BEA00B1735D /* load-tracker */ = {
			isa = PBXNativeTarget;
			buildConfigurationList = 6BF0F4B72F6D4BEB00B1735D /* Build configuration list for PBXNativeTarget "load-tracker" */;
			buildPhases = (
				6BF0F4902F6D4BEA00B1735D /* Sources */,
				6BF0F4912F6D4BEA00B1735D /* Frameworks */,
				6BF0F4922F6D4BEA00B1735D /* Resources */,
			);
			buildRules = (
			);
			dependencies = (
			);
			fileSystemSynchronizedGroups = (
				6BF0F4962F6D4BEA00B1735D /* load-tracker */,
			);
			name = "load-tracker";
			packageProductDependencies = (
			);
			productName = "load-tracker";
			productReference = 6BF0F4942F6D4BEA00B1735D /* load-tracker.app */;
			productType = "com.apple.product-type.application";
		};
		6BF0F4A22F6D4BEB00B1735D /* load-trackerTests */ = {
			isa = PBXNativeTarget;
			buildConfigurationList = 6BF0F4BA2F6D4BEB00B1735D /* Build configuration list for PBXNativeTarget "load-trackerTests" */;
			buildPhases = (
				6BF0F49F2F6D4BEB00B1735D /* Sources */,
				6BF0F4A02F6D4BEB00B1735D /* Frameworks */,
				6BF0F4A12F6D4BEB00B1735D /* Resources */,
			);
			buildRules = (
			);
			dependencies = (
				6BF0F4A52F6D4BEB00B1735D /* PBXTargetDependency */,
			);
			fileSystemSynchronizedGroups = (
				6BF0F4A62F6D4BEB00B1735D /* load-trackerTests */,
			);
			name = "load-trackerTests";
			packageProductDependencies = (
			);
			productName = "load-trackerTests";
			productReference = 6BF0F4A32F6D4BEB00B1735D /* load-trackerTests.xctest */;
			productType = "com.apple.product-type.bundle.unit-test";
		};
		6BF0F4AC2F6D4BEB00B1735D /* load-trackerUITests */ = {
			isa = PBXNativeTarget;
			buildConfigurationList = 6BF0F4BD2F6D4BEB00B1735D /* Build configuration list for PBXNativeTarget "load-trackerUITests" */;
			buildPhases = (
				6BF0F4A92F6D4BEB00B1735D /* Sources */,
				6BF0F4AA2F6D4BEB00B1735D /* Frameworks */,
				6BF0F4AB2F6D4BEB00B1735D /* Resources */,
			);
			buildRules = (
			);
			dependencies = (
				6BF0F4AF2F6D4BEB00B1735D /* PBXTargetDependency */,
			);
			fileSystemSynchronizedGroups = (
				6BF0F4B02F6D4BEB00B1735D /* load-trackerUITests */,
			);
			name = "load-trackerUITests";
			packageProductDependencies = (
			);
			productName = "load-trackerUITests";
			productReference = 6BF0F4AD2F6D4BEB00B1735D /* load-trackerUITests.xctest */;
			productType = "com.apple.product-type.bundle.ui-testing";
		};
/* End PBXNativeTarget section */

/* Begin PBXProject section */
		6BF0F48C2F6D4BEA00B1735D /* Project object */ = {
			isa = PBXProject;
			attributes = {
				BuildIndependentTargetsInParallel = 1;
				LastSwiftUpdateCheck = 2630;
				LastUpgradeCheck = 2630;
				TargetAttributes = {
					6BF0F4932F6D4BEA00B1735D = {
						CreatedOnToolsVersion = 26.3;
					};
					6BF0F4A22F6D4BEB00B1735D = {
						CreatedOnToolsVersion = 26.3;
						TestTargetID = 6BF0F4932F6D4BEA00B1735D;
					};
					6BF0F4AC2F6D4BEB00B1735D = {
						CreatedOnToolsVersion = 26.3;
						TestTargetID = 6BF0F4932F6D4BEA00B1735D;
					};
				};
			};
			buildConfigurationList = 6BF0F48F2F6D4BEA00B1735D /* Build configuration list for PBXProject "load-tracker" */;
			developmentRegion = en;
			hasScannedForEncodings = 0;
			knownRegions = (
				en,
				Base,
			);
			mainGroup = 6BF0F48B2F6D4BEA00B1735D;
			minimizedProjectReferenceProxies = 1;
			preferredProjectObjectVersion = 77;
			productRefGroup = 6BF0F4952F6D4BEA00B1735D /* Products */;
			projectDirPath = "";
			projectRoot = "";
			targets = (
				6BF0F4932F6D4BEA00B1735D /* load-tracker */,
				6BF0F4A22F6D4BEB00B1735D /* load-trackerTests */,
				6BF0F4AC2F6D4BEB00B1735D /* load-trackerUITests */,
			);
		};
/* End PBXProject section */

/* Begin PBXResourcesBuildPhase section */
		6BF0F4922F6D4BEA00B1735D /* Resources */ = {
			isa = PBXResourcesBuildPhase;
			buildActionMask = 2147483647;
			files = (
			);
			runOnlyForDeploymentPostprocessing = 0;
		};
		6BF0F4A12F6D4BEB00B1735D /* Resources */ = {
			isa = PBXResourcesBuildPhase;
			buildActionMask = 2147483647;
			files = (
			);
			runOnlyForDeploymentPostprocessing = 0;
		};
		6BF0F4AB2F6D4BEB00B1735D /* Resources */ = {
			isa = PBXResourcesBuildPhase;
			buildActionMask = 2147483647;
			files = (
			);
			runOnlyForDeploymentPostprocessing = 0;
		};
/* End PBXResourcesBuildPhase section */

/* Begin PBXSourcesBuildPhase section */
		6BF0F4902F6D4BEA00B1735D /* Sources */ = {
			isa = PBXSourcesBuildPhase;
			buildActionMask = 2147483647;
			files = (
			);
			runOnlyForDeploymentPostprocessing = 0;
		};
		6BF0F49F2F6D4BEB00B1735D /* Sources */ = {
			isa = PBXSourcesBuildPhase;
			buildActionMask = 2147483647;
			files = (
			);
			runOnlyForDeploymentPostprocessing = 0;
		};
		6BF0F4A92F6D4BEB00B1735D /* Sources */ = {
			isa = PBXSourcesBuildPhase;
			buildActionMask = 2147483647;
			files = (
			);
			runOnlyForDeploymentPostprocessing = 0;
		};
/* End PBXSourcesBuildPhase section */

/* Begin PBXTargetDependency section */
		6BF0F4A52F6D4BEB00B1735D /* PBXTargetDependency */ = {
			isa = PBXTargetDependency;
			target = 6BF0F4932F6D4BEA00B1735D /* load-tracker */;
			targetProxy = 6BF0F4A42F6D4BEB00B1735D /* PBXContainerItemProxy */;
		};
		6BF0F4AF2F6D4BEB00B1735D /* PBXTargetDependency */ = {
			isa = PBXTargetDependency;
			target = 6BF0F4932F6D4BEA00B1735D /* load-tracker */;
			targetProxy = 6BF0F4AE2F6D4BEB00B1735D /* PBXContainerItemProxy */;
		};
/* End PBXTargetDependency section */

/* Begin XCBuildConfiguration section */
		6BF0F4B52F6D4BEB00B1735D /* Debug */ = {
			isa = XCBuildConfiguration;
			buildSettings = {
				ALWAYS_SEARCH_USER_PATHS = NO;
				ASSETCATALOG_COMPILER_GENERATE_SWIFT_ASSET_SYMBOL_EXTENSIONS = YES;
				CLANG_ANALYZER_NONNULL = YES;
				CLANG_ANALYZER_NUMBER_OBJECT_CONVERSION = YES_AGGRESSIVE;
				CLANG_CXX_LANGUAGE_STANDARD = "gnu++20";
				CLANG_ENABLE_MODULES = YES;
				CLANG_ENABLE_OBJC_ARC = YES;
				CLANG_ENABLE_OBJC_WEAK = YES;
				CLANG_WARN_BLOCK_CAPTURE_AUTORELEASING = YES;
				CLANG_WARN_BOOL_CONVERSION = YES;
				CLANG_WARN_COMMA = YES;
				CLANG_WARN_CONSTANT_CONVERSION = YES;
				CLANG_WARN_DEPRECATED_OBJC_IMPLEMENTATIONS = YES;
				CLANG_WARN_DIRECT_OBJC_ISA_USAGE = YES_ERROR;
				CLANG_WARN_DOCUMENTATION_COMMENTS = YES;
				CLANG_WARN_EMPTY_BODY = YES;
				CLANG_WARN_ENUM_CONVERSION = YES;
				CLANG_WARN_INFINITE_RECURSION = YES;
				CLANG_WARN_INT_CONVERSION = YES;
				CLANG_WARN_NON_LITERAL_NULL_CONVERSION = YES;
				CLANG_WARN_OBJC_IMPLICIT_RETAIN_SELF = YES;
				CLANG_WARN_OBJC_LITERAL_CONVERSION = YES;
				CLANG_WARN_OBJC_ROOT_CLASS = YES_ERROR;
				CLANG_WARN_QUOTED_INCLUDE_IN_FRAMEWORK_HEADER = YES;
				CLANG_WARN_RANGE_LOOP_ANALYSIS = YES;
				CLANG_WARN_STRICT_PROTOTYPES = YES;
				CLANG_WARN_SUSPICIOUS_MOVE = YES;
				CLANG_WARN_UNGUARDED_AVAILABILITY = YES_AGGRESSIVE;
				CLANG_WARN_UNREACHABLE_CODE = YES;
				CLANG_WARN__DUPLICATE_METHOD_MATCH = YES;
				COPY_PHASE_STRIP = NO;
				DEBUG_INFORMATION_FORMAT = dwarf;
				DEVELOPMENT_TEAM = LY3DL8PB94;
				ENABLE_STRICT_OBJC_MSGSEND = YES;
				ENABLE_TESTABILITY = YES;
				ENABLE_USER_SCRIPT_SANDBOXING = YES;
				GCC_C_LANGUAGE_STANDARD = gnu17;
				GCC_DYNAMIC_NO_PIC = NO;
				GCC_NO_COMMON_BLOCKS = YES;
				GCC_OPTIMIZATION_LEVEL = 0;
				GCC_PREPROCESSOR_DEFINITIONS = (
					"DEBUG=1",
					"$(inherited)",
				);
				GCC_WARN_64_TO_32_BIT_CONVERSION = YES;
				GCC_WARN_ABOUT_RETURN_TYPE = YES_ERROR;
				GCC_WARN_UNDECLARED_SELECTOR = YES;
				GCC_WARN_UNINITIALIZED_AUTOS = YES_AGGRESSIVE;
				GCC_WARN_UNUSED_FUNCTION = YES;
				GCC_WARN_UNUSED_VARIABLE = YES;
				IPHONEOS_DEPLOYMENT_TARGET = 26.2;
				LOCALIZATION_PREFERS_STRING_CATALOGS = YES;
				MTL_ENABLE_DEBUG_INFO = INCLUDE_SOURCE;
				MTL_FAST_MATH = YES;
				ONLY_ACTIVE_ARCH = YES;
				SDKROOT = iphoneos;
				SWIFT_ACTIVE_COMPILATION_CONDITIONS = "DEBUG $(inherited)";
				SWIFT_OPTIMIZATION_LEVEL = "-Onone";
			};
			name = Debug;
		};
		6BF0F4B62F6D4BEB00B1735D /* Release */ = {
			isa = XCBuildConfiguration;
			buildSettings = {
				ALWAYS_SEARCH_USER_PATHS = NO;
				ASSETCATALOG_COMPILER_GENERATE_SWIFT_ASSET_SYMBOL_EXTENSIONS = YES;
				CLANG_ANALYZER_NONNULL = YES;
				CLANG_ANALYZER_NUMBER_OBJECT_CONVERSION = YES_AGGRESSIVE;
				CLANG_CXX_LANGUAGE_STANDARD = "gnu++20";
				CLANG_ENABLE_MODULES = YES;
				CLANG_ENABLE_OBJC_ARC = YES;
				CLANG_ENABLE_OBJC_WEAK = YES;
				CLANG_WARN_BLOCK_CAPTURE_AUTORELEASING = YES;
				CLANG_WARN_BOOL_CONVERSION = YES;
				CLANG_WARN_COMMA = YES;
				CLANG_WARN_CONSTANT_CONVERSION = YES;
				CLANG_WARN_DEPRECATED_OBJC_IMPLEMENTATIONS = YES;
				CLANG_WARN_DIRECT_OBJC_ISA_USAGE = YES_ERROR;
				CLANG_WARN_DOCUMENTATION_COMMENTS = YES;
				CLANG_WARN_EMPTY_BODY = YES;
				CLANG_WARN_ENUM_CONVERSION = YES;
				CLANG_WARN_INFINITE_RECURSION = YES;
				CLANG_WARN_INT_CONVERSION = YES;
				CLANG_WARN_NON_LITERAL_NULL_CONVERSION = YES;
				CLANG_WARN_OBJC_IMPLICIT_RETAIN_SELF = YES;
				CLANG_WARN_OBJC_LITERAL_CONVERSION = YES;
				CLANG_WARN_OBJC_ROOT_CLASS = YES_ERROR;
				CLANG_WARN_QUOTED_INCLUDE_IN_FRAMEWORK_HEADER = YES;
				CLANG_WARN_RANGE_LOOP_ANALYSIS = YES;
				CLANG_WARN_STRICT_PROTOTYPES = YES;
				CLANG_WARN_SUSPICIOUS_MOVE = YES;
				CLANG_WARN_UNGUARDED_AVAILABILITY = YES_AGGRESSIVE;
				CLANG_WARN_UNREACHABLE_CODE = YES;
				CLANG_WARN__DUPLICATE_METHOD_MATCH = YES;
				COPY_PHASE_STRIP = NO;
				DEBUG_INFORMATION_FORMAT = "dwarf-with-dsym";
				DEVELOPMENT_TEAM = LY3DL8PB94;
				ENABLE_NS_ASSERTIONS = NO;
				ENABLE_STRICT_OBJC_MSGSEND = YES;
				ENABLE_USER_SCRIPT_SANDBOXING = YES;
				GCC_C_LANGUAGE_STANDARD = gnu17;
				GCC_NO_COMMON_BLOCKS = YES;
				GCC_WARN_64_TO_32_BIT_CONVERSION = YES;
				GCC_WARN_ABOUT_RETURN_TYPE = YES_ERROR;
				GCC_WARN_UNDECLARED_SELECTOR = YES;
				GCC_WARN_UNINITIALIZED_AUTOS = YES_AGGRESSIVE;
				GCC_WARN_UNUSED_FUNCTION = YES;
				GCC_WARN_UNUSED_VARIABLE = YES;
				IPHONEOS_DEPLOYMENT_TARGET = 26.2;
				LOCALIZATION_PREFERS_STRING_CATALOGS = YES;
				MTL_ENABLE_DEBUG_INFO = NO;
				MTL_FAST_MATH = YES;
				SDKROOT = iphoneos;
				SWIFT_COMPILATION_MODE = wholemodule;
				VALIDATE_PRODUCT = YES;
			};
			name = Release;
		};
		6BF0F4B82F6D4BEB00B1735D /* Debug */ = {
			isa = XCBuildConfiguration;
			buildSettings = {
				ASSETCATALOG_COMPILER_APPICON_NAME = AppIcon;
				ASSETCATALOG_COMPILER_GLOBAL_ACCENT_COLOR_NAME = AccentColor;
				CODE_SIGN_ENTITLEMENTS = "load-tracker/load-tracker.entitlements";
				CODE_SIGN_STYLE = Automatic;
				CURRENT_PROJECT_VERSION = 2026032500;
				DEVELOPMENT_TEAM = RW9N8FZHM7;
				ENABLE_PREVIEWS = YES;
				GENERATE_INFOPLIST_FILE = YES;
				INFOPLIST_FILE = "load-tracker/Info.plist";
				INFOPLIST_KEY_CFBundleDisplayName = "あしあと";
				INFOPLIST_KEY_LSApplicationCategoryType = "public.app-category.entertainment";
				INFOPLIST_KEY_NSLocationAlwaysAndWhenInUseUsageDescription = "このアプリは位置情報を記録します";
				INFOPLIST_KEY_NSLocationWhenInUseUsageDescription = "このアプリは位置情報を記録します";
				INFOPLIST_KEY_UIApplicationSceneManifest_Generation = YES;
				INFOPLIST_KEY_UIApplicationSupportsIndirectInputEvents = YES;
				INFOPLIST_KEY_UILaunchScreen_Generation = YES;
				INFOPLIST_KEY_UISupportedInterfaceOrientations = UIInterfaceOrientationPortrait;
				INFOPLIST_KEY_UISupportedInterfaceOrientations_iPad = "UIInterfaceOrientationLandscapeLeft UIInterfaceOrientationLandscapeRight UIInterfaceOrientationPortrait UIInterfaceOrientationPortraitUpsideDown";
				IPHONEOS_DEPLOYMENT_TARGET = 26.0;
				LD_RUNPATH_SEARCH_PATHS = (
					"$(inherited)",
					"@executable_path/Frameworks",
				);
				MARKETING_VERSION = 1.0.0;
				PRODUCT_BUNDLE_IDENTIFIER = "com.kyamisuke.route-tracking";
				PRODUCT_NAME = "$(TARGET_NAME)";
				STRING_CATALOG_GENERATE_SYMBOLS = YES;
				SUPPORTED_PLATFORMS = "iphoneos iphonesimulator";
				SUPPORTS_MACCATALYST = NO;
				SUPPORTS_MAC_DESIGNED_FOR_IPHONE_IPAD = NO;
				SUPPORTS_XR_DESIGNED_FOR_IPHONE_IPAD = NO;
				SWIFT_APPROACHABLE_CONCURRENCY = YES;
				SWIFT_DEFAULT_ACTOR_ISOLATION = MainActor;
				SWIFT_EMIT_LOC_STRINGS = YES;
				SWIFT_UPCOMING_FEATURE_MEMBER_IMPORT_VISIBILITY = YES;
				SWIFT_VERSION = 5.0;
				TARGETED_DEVICE_FAMILY = 1;
			};
			name = Debug;
		};
		6BF0F4B92F6D4BEB00B1735D /* Release */ = {
			isa = XCBuildConfiguration;
			buildSettings = {
				ASSETCATALOG_COMPILER_APPICON_NAME = AppIcon;
				ASSETCATALOG_COMPILER_GLOBAL_ACCENT_COLOR_NAME = AccentColor;
				CODE_SIGN_ENTITLEMENTS = "load-tracker/load-tracker.entitlements";
				CODE_SIGN_STYLE = Automatic;
				CURRENT_PROJECT_VERSION = 2026032500;
				DEVELOPMENT_TEAM = RW9N8FZHM7;
				ENABLE_PREVIEWS = YES;
				GENERATE_INFOPLIST_FILE = YES;
				INFOPLIST_FILE = "load-tracker/Info.plist";
				INFOPLIST_KEY_CFBundleDisplayName = "あしあと";
				INFOPLIST_KEY_LSApplicationCategoryType = "public.app-category.entertainment";
				INFOPLIST_KEY_NSLocationAlwaysAndWhenInUseUsageDescription = "このアプリは位置情報を記録します";
				INFOPLIST_KEY_NSLocationWhenInUseUsageDescription = "このアプリは位置情報を記録します";
				INFOPLIST_KEY_UIApplicationSceneManifest_Generation = YES;
				INFOPLIST_KEY_UIApplicationSupportsIndirectInputEvents = YES;
				INFOPLIST_KEY_UILaunchScreen_Generation = YES;
				INFOPLIST_KEY_UISupportedInterfaceOrientations = UIInterfaceOrientationPortrait;
				INFOPLIST_KEY_UISupportedInterfaceOrientations_iPad = "UIInterfaceOrientationLandscapeLeft UIInterfaceOrientationLandscapeRight UIInterfaceOrientationPortrait UIInterfaceOrientationPortraitUpsideDown";
				IPHONEOS_DEPLOYMENT_TARGET = 26.0;
				LD_RUNPATH_SEARCH_PATHS = (
					"$(inherited)",
					"@executable_path/Frameworks",
				);
				MARKETING_VERSION = 1.0.0;
				PRODUCT_BUNDLE_IDENTIFIER = "com.kyamisuke.route-tracking";
				PRODUCT_NAME = "$(TARGET_NAME)";
				STRING_CATALOG_GENERATE_SYMBOLS = YES;
				SUPPORTED_PLATFORMS = "iphoneos iphonesimulator";
				SUPPORTS_MACCATALYST = NO;
				SUPPORTS_MAC_DESIGNED_FOR_IPHONE_IPAD = NO;
				SUPPORTS_XR_DESIGNED_FOR_IPHONE_IPAD = NO;
				SWIFT_APPROACHABLE_CONCURRENCY = YES;
				SWIFT_DEFAULT_ACTOR_ISOLATION = MainActor;
				SWIFT_EMIT_LOC_STRINGS = YES;
				SWIFT_UPCOMING_FEATURE_MEMBER_IMPORT_VISIBILITY = YES;
				SWIFT_VERSION = 5.0;
				TARGETED_DEVICE_FAMILY = 1;
			};
			name = Release;
		};
		6BF0F4BB2F6D4BEB00B1735D /* Debug */ = {
			isa = XCBuildConfiguration;
			buildSettings = {
				BUNDLE_LOADER = "$(TEST_HOST)";
				CODE_SIGN_STYLE = Automatic;
				CURRENT_PROJECT_VERSION = 1;
				DEVELOPMENT_TEAM = LY3DL8PB94;
				GENERATE_INFOPLIST_FILE = YES;
				IPHONEOS_DEPLOYMENT_TARGET = 26.2;
				MARKETING_VERSION = 1.0;
				PRODUCT_BUNDLE_IDENTIFIER = "com.kyamisuke.load-trackerTests";
				PRODUCT_NAME = "$(TARGET_NAME)";
				STRING_CATALOG_GENERATE_SYMBOLS = NO;
				SWIFT_APPROACHABLE_CONCURRENCY = YES;
				SWIFT_EMIT_LOC_STRINGS = NO;
				SWIFT_UPCOMING_FEATURE_MEMBER_IMPORT_VISIBILITY = YES;
				SWIFT_VERSION = 5.0;
				TARGETED_DEVICE_FAMILY = "1,2";
				TEST_HOST = "$(BUILT_PRODUCTS_DIR)/load-tracker.app/$(BUNDLE_EXECUTABLE_FOLDER_PATH)/load-tracker";
			};
			name = Debug;
		};
		6BF0F4BC2F6D4BEB00B1735D /* Release */ = {
			isa = XCBuildConfiguration;
			buildSettings = {
				BUNDLE_LOADER = "$(TEST_HOST)";
				CODE_SIGN_STYLE = Automatic;
				CURRENT_PROJECT_VERSION = 1;
				DEVELOPMENT_TEAM = LY3DL8PB94;
				GENERATE_INFOPLIST_FILE = YES;
				IPHONEOS_DEPLOYMENT_TARGET = 26.2;
				MARKETING_VERSION = 1.0;
				PRODUCT_BUNDLE_IDENTIFIER = "com.kyamisuke.load-trackerTests";
				PRODUCT_NAME = "$(TARGET_NAME)";
				STRING_CATALOG_GENERATE_SYMBOLS = NO;
				SWIFT_APPROACHABLE_CONCURRENCY = YES;
				SWIFT_EMIT_LOC_STRINGS = NO;
				SWIFT_UPCOMING_FEATURE_MEMBER_IMPORT_VISIBILITY = YES;
				SWIFT_VERSION = 5.0;
				TARGETED_DEVICE_FAMILY = "1,2";
				TEST_HOST = "$(BUILT_PRODUCTS_DIR)/load-tracker.app/$(BUNDLE_EXECUTABLE_FOLDER_PATH)/load-tracker";
			};
			name = Release;
		};
		6BF0F4BE2F6D4BEB00B1735D /* Debug */ = {
			isa = XCBuildConfiguration;
			buildSettings = {
				CODE_SIGN_STYLE = Automatic;
				CURRENT_PROJECT_VERSION = 1;
				DEVELOPMENT_TEAM = LY3DL8PB94;
				GENERATE_INFOPLIST_FILE = YES;
				MARKETING_VERSION = 1.0;
				PRODUCT_BUNDLE_IDENTIFIER = "com.kyamisuke.load-trackerUITests";
				PRODUCT_NAME = "$(TARGET_NAME)";
				STRING_CATALOG_GENERATE_SYMBOLS = NO;
				SWIFT_APPROACHABLE_CONCURRENCY = YES;
				SWIFT_EMIT_LOC_STRINGS = NO;
				SWIFT_UPCOMING_FEATURE_MEMBER_IMPORT_VISIBILITY = YES;
				SWIFT_VERSION = 5.0;
				TARGETED_DEVICE_FAMILY = "1,2";
				TEST_TARGET_NAME = "load-tracker";
			};
			name = Debug;
		};
		6BF0F4BF2F6D4BEB00B1735D /* Release */ = {
			isa = XCBuildConfiguration;
			buildSettings = {
				CODE_SIGN_STYLE = Automatic;
				CURRENT_PROJECT_VERSION = 1;
				DEVELOPMENT_TEAM = LY3DL8PB94;
				GENERATE_INFOPLIST_FILE = YES;
				MARKETING_VERSION = 1.0;
				PRODUCT_BUNDLE_IDENTIFIER = "com.kyamisuke.load-trackerUITests";
				PRODUCT_NAME = "$(TARGET_NAME)";
				STRING_CATALOG_GENERATE_SYMBOLS = NO;
				SWIFT_APPROACHABLE_CONCURRENCY = YES;
				SWIFT_EMIT_LOC_STRINGS = NO;
				SWIFT_UPCOMING_FEATURE_MEMBER_IMPORT_VISIBILITY = YES;
				SWIFT_VERSION = 5.0;
				TARGETED_DEVICE_FAMILY = "1,2";
				TEST_TARGET_NAME = "load-tracker";
			};
			name = Release;
		};
/* End XCBuildConfiguration section */

/* Begin XCConfigurationList section */
		6BF0F48F2F6D4BEA00B1735D /* Build configuration list for PBXProject "load-tracker" */ = {
			isa = XCConfigurationList;
			buildConfigurations = (
				6BF0F4B52F6D4BEB00B1735D /* Debug */,
				6BF0F4B62F6D4BEB00B1735D /* Release */,
			);
			defaultConfigurationIsVisible = 0;
			defaultConfigurationName = Release;
		};
		6BF0F4B72F6D4BEB00B1735D /* Build configuration list for PBXNativeTarget "load-tracker" */ = {
			isa = XCConfigurationList;
			buildConfigurations = (
				6BF0F4B82F6D4BEB00B1735D /* Debug */,
				6BF0F4B92F6D4BEB00B1735D /* Release */,
			);
			defaultConfigurationIsVisible = 0;
			defaultConfigurationName = Release;
		};
		6BF0F4BA2F6D4BEB00B1735D /* Build configuration list for PBXNativeTarget "load-trackerTests" */ = {
			isa = XCConfigurationList;
			buildConfigurations = (
				6BF0F4BB2F6D4BEB00B1735D /* Debug */,
				6BF0F4BC2F6D4BEB00B1735D /* Release */,
			);
			defaultConfigurationIsVisible = 0;
			defaultConfigurationName = Release;
		};
		6BF0F4BD2F6D4BEB00B1735D /* Build configuration list for PBXNativeTarget "load-trackerUITests" */ = {
			isa = XCConfigurationList;
			buildConfigurations = (
				6BF0F4BE2F6D4BEB00B1735D /* Debug */,
				6BF0F4BF2F6D4BEB00B1735D /* Release */,
			);
			defaultConfigurationIsVisible = 0;
			defaultConfigurationName = Release;
		};
/* End XCConfigurationList section */
	};
	rootObject = 6BF0F48C2F6D4BEA00B1735D /* Project object */;
}
